{
    "name": "teyvat-tourism",
    "version": "1.0.0",
    "lockfileVersion": 2,
    "requires": true,
    "packages": {
      "": {
        "name": "teyvat-tourism",
        "version": "1.0.0",
        "license": "MIT",
        "dependencies": {
          "dotenv": "^16.0.3",
          "express": "^4.18.2",
          "nodemon": "^3.0.1"
        }
      },
      "node_modules/dotenv": {
        "version": "16.0.3",
        "resolved": "https://registry.npmjs.org/dotenv/-/dotenv-16.0.3.tgz",
        "integrity": "sha512-6J2P9fo5qB30vJEXjRR7/jQ/lw+dcDQu7eGgpwceoKDOLZQbBntXb8iCkMQLY8BaLvAqfJBz61MxKHcGaJUQJg==",
        "engines": {
          "node": ">=12"
        }
      },
      "node_modules/express": {
        "version": "4.18.2",
        "resolved": "https://registry.npmjs.org/express/-/express-4.18.2.tgz",
        "integrity": "sha512-5/PsntwMQUBfSsmAYiYTbYXcIL6Hh0GMe8PvD8YDBSZXYREytdSZHpIW9JS8NuxDUsiP7vDxGrfSQ9j1kvyARQ==",
        "dependencies": {
          "accepts": "~1.3.8",
          "array-flatten": "1.1.1",
          "body-parser": "1.20.2",
          "content-disposition": "0.5.4",
          "cookie": "0.5.0",
          "cookie-signature": "1.0.6",
          "debug": "2.6.9",
          "depd": "~2.0.0",
          "encodeurl": "~1.0.2",
          "escape-html": "~1.0.3",
          "etag": "~1.8.1",
          "finalhandler": "1.2.0",
          "fresh": "0.5.2",
          "merge-descriptors": "1.0.1",
          "methods": "~1.1.2",
          "on-finished": "2.4.1",
          "parseurl": "~1.3.3",
          "path-to-regexp": "0.1.7",
          "proxy-addr": "~2.0.7",
          "qs": "6.11.0",
          "range-parser": "~1.2.1",
          "safe-buffer": "5.2.1",
          "send": "0.18.0",
          "serve-static": "1.15.0",
          "setprototypeof": "1.2.0",
          "statuses": "2.0.1",
          "type-is": "~1.6.18",
          "utils-merge": "1.0.1",
          "vary": "~1.1.2"
        },
        "engines": {
          "node": ">= 0.10.0"
        }
      },
      "node_modules/nodemon": {
        "version": "3.0.1",
        "resolved": "https://registry.npmjs.org/nodemon/-/nodemon-3.0.1.tgz",
        "integrity": "sha512-RcmGMtdtfo19gfPpROwDqQwHQxxpB1JAVMpdCMhGj5qyl4QhZQ2erKhugfZwv2g11tpmM9gxexM5nPlV4lWkdQ==",
        "bin": {
          "nodemon": "bin/nodemon.js"
        },
        "dependencies": {
          "chokidar": "^3.5.3",
          "debug": "^4.3.4",
          "minimatch": "^5.1.2",
          "pstree.remy": "^1.1.8",
          "semver": "^7.5.4",
          "supports-color": "^8.1.1",
          "touch": "^3.1.0",
          "undefsafe": "^2.0.5",
          "update-notifier": "^6.0.2"
        },
        "engines": {
          "node": ">= 14.0"
        }
      }
    },
    "dependencies": {
      "dotenv": {
        "version": "16.0.3",
        "resolved": "https://registry.npmjs.org/dotenv/-/dotenv-16.0.3.tgz",
        "integrity": "sha512-6J2P9fo5qB30vJEXjRR7/jQ/lw+dcDQu7eGgpwceoKDOLZQbBntXb8iCkMQLY8BaLvAqfJBz61MxKHcGaJUQJg==",
        "engines": {
          "node": ">=12"
        }
      },
      "express": {
        "version": "4.18.2",
        "resolved": "https://registry.npmjs.org/express/-/express-4.18.2.tgz",
        "integrity": "sha512-5/PsntwMQUBfSsmAYiYTbYXcIL6Hh0GMe8PvD8YDBSZXYREytdSZHpIW9JS8NuxDUsiP7vDxGrfSQ9j1kvyARQ==",
        "engines": {
          "node": ">= 0.10.0"
        }
      },
      "nodemon": {
        "version": "3.0.1",
        "resolved": "https://registry.npmjs.org/nodemon/-/nodemon-3.0.1.tgz",
        "integrity": "sha512-RcmGMtdtfo19gfPpROwDqQwHQxxpB1JAVMpdCMhGj5qyl4QhZQ2erKhugfZwv2g11tpmM9gxexM5nPlV4lWkdQ==",
        "engines": {
          "node": ">= 14.0"
        }
      }
    }
  }
  